// !$*UTF8*$!
{
	archiveVersion = 1;
	classes = {
	};
	objectVersion = 50;
	objects = {

/* Begin PBXBuildFile section */
		D98FC31526E290B000912867 /* Relational_DatabaseApp.swift in Sources */ = {isa = PBXBuildFile; fileRef = D98FC31426E290B000912867 /* Relational_DatabaseApp.swift */; };
		D98FC31726E290B000912867 /* ContentView.swift in Sources */ = {isa = PBXBuildFile; fileRef = D98FC31626E290B000912867 /* ContentView.swift */; };
		D98FC31926E290B400912867 /* Assets.xcassets in Resources */ = {isa = PBXBuildFile; fileRef = D98FC31826E290B400912867 /* Assets.xcassets */; };
		D98FC31C26E290B400912867 /* Preview Assets.xcassets in Resources */ = {isa = PBXBuildFile; fileRef = D98FC31B26E290B400912867 /* Preview Assets.xcassets */; };
		D98FC32726E290B400912867 /* Relational_DatabaseTests.swift in Sources */ = {isa = PBXBuildFile; fileRef = D98FC32626E290B400912867 /* Relational_DatabaseTests.swift */; };
		D98FC33226E290B400912867 /* Relational_DatabaseUITests.swift in Sources */ = {isa = PBXBuildFile; fileRef = D98FC33126E290B400912867 /* Relational_DatabaseUITests.swift */; };
/* End PBXBuildFile section */

/* Begin PBXContainerItemProxy section */
		D98FC32326E290B400912867 /* PBXContainerItemProxy */ = {
			isa = PBXContainerItemProxy;
			containerPortal = D98FC30926E290B000912867 /* Project object */;
			proxyType = 1;
			remoteGlobalIDString = D98FC31026E290B000912867;
			remoteInfo = "Relational Database";
		};
		D98FC32E26E290B400912867 /* PBXContainerItemProxy */ = {
			isa = PBXContainerItemProxy;
			containerPortal = D98FC30926E290B000912867 /* Project object */;
			proxyType = 1;
			remoteGlobalIDString = D98FC31026E290B000912867;
			remoteInfo = "Relational Database";
		};
/* End PBXContainerItemProxy section */

/* Begin PBXFileReference section */
		D98FC31126E290B000912867 /* Relational Database.app */ = {isa = PBXFileReference; explicitFileType = wrapper.application; includeInIndex = 0; path = "Relational Database.app"; sourceTree = BUILT_PRODUCTS_DIR; };
		D98FC31426E290B000912867 /* Relational_DatabaseApp.swift */ = {isa = PBXFileReference; lastKnownFileType = sourcecode.swift; path = Relational_DatabaseApp.swift; sourceTree = "<group>"; };
		D98FC31626E290B000912867 /* ContentView.swift */ = {isa = PBXFileReference; lastKnownFileType = sourcecode.swift; path = ContentView.swift; sourceTree = "<group>"; };
		D98FC31826E290B400912867 /* Assets.xcassets */ = {isa = PBXFileReference; lastKnownFileType = folder.assetcatalog; path = Assets.xcassets; sourceTree = "<group>"; };
		D98FC31B26E290B400912867 /* Preview Assets.xcassets */ = {isa = PBXFileReference; lastKnownFileType = folder.assetcatalog; path = "Preview Assets.xcassets"; sourceTree = "<group>"; };
		D98FC31D26E290B400912867 /* Info.plist */ = {isa = PBXFileReference; lastKnownFileType = text.plist.xml; path = Info.plist; sourceTree = "<group>"; };
		D98FC32226E290B400912867 /* Relational DatabaseTests.xctest */ = {isa = PBXFileReference; explicitFileType = wrapper.cfbundle; includeInIndex = 0; path = "Relational DatabaseTests.xctest"; sourceTree = BUILT_PRODUCTS_DIR; };
		D98FC32626E290B400912867 /* Relational_DatabaseTests.swift */ = {isa = PBXFileReference; lastKnownFileType = sourcecode.swift; path = Relational_DatabaseTests.swift; sourceTree = "<group>"; };
		D98FC32826E290B400912867 /* Info.plist */ = {isa = PBXFileReference; lastKnownFileType = text.plist.xml; path = Info.plist; sourceTree = "<group>"; };
		D98FC32D26E290B400912867 /* Relational DatabaseUITests.xctest */ = {isa = PBXFileReference; explicitFileType = wrapper.cfbundle; includeInIndex = 0; path = "Relational DatabaseUITests.xctest"; sourceTree = BUILT_PRODUCTS_DIR; };
		D98FC33126E290B400912867 /* Relational_DatabaseUITests.swift */ = {isa = PBXFileReference; lastKnownFileType = sourcecode.swift; path = Relational_DatabaseUITests.swift; sourceTree = "<group>"; };
		D98FC33326E290B400912867 /* Info.plist */ = {isa = PBXFileReference; lastKnownFileType = text.plist.xml; path = Info.plist; sourceTree = "<group>"; };
/* End PBXFileReference section */

/* Begin PBXFrameworksBuildPhase section */
		D98FC30E26E290B000912867 /* Frameworks */ = {
			isa = PBXFrameworksBuildPhase;
			buildActionMask = 2147483647;
			files = (
			);
			runOnlyForDeploymentPostprocessing = 0;
		};
		D98FC31F26E290B400912867 /* Frameworks */ = {
			isa = PBXFrameworksBuildPhase;
			buildActionMask = 2147483647;
			files = (
			);
			runOnlyForDeploymentPostprocessing = 0;
		};
		D98FC32A26E290B400912867 /* Frameworks */ = {
			isa = PBXFrameworksBuildPhase;
			buildActionMask = 2147483647;
			files = (
			);
			runOnlyForDeploymentPostprocessing = 0;
		};
/* End PBXFrameworksBuildPhase section */

/* Begin PBXGroup section */
		D98FC30826E290B000912867 = {
			isa = PBXGroup;
			children = (
				D98FC31326E290B000912867 /* Relational Database */,
				D98FC32526E290B400912867 /* Relational DatabaseTests */,
				D98FC33026E290B400912867 /* Relational DatabaseUITests */,
				D98FC31226E290B000912867 /* Products */,
			);
			sourceTree = "<group>";
		};
		D98FC31226E290B000912867 /* Products */ = {
			isa = PBXGroup;
			children = (
				D98FC31126E290B000912867 /* Relational Database.app */,
				D98FC32226E290B400912867 /* Relational DatabaseTests.xctest */,
				D98FC32D26E290B400912867 /* Relational DatabaseUITests.xctest */,
			);
			name = Products;
			sourceTree = "<group>";
		};
		D98FC31326E290B000912867 /* Relational Database */ = {
			isa = PBXGroup;
			children = (
				D98FC31426E290B000912867 /* Relational_DatabaseApp.swift */,
				D98FC31626E290B000912867 /* ContentView.swift */,
				D98FC31826E290B400912867 /* Assets.xcassets */,
				D98FC31D26E290B400912867 /* Info.plist */,
				D98FC31A26E290B400912867 /* Preview Content */,
			);
			path = "Relational Database";
			sourceTree = "<group>";
		};
		D98FC31A26E290B400912867 /* Preview Content */ = {
			isa = PBXGroup;
			children = (
				D98FC31B26E290B400912867 /* Preview Assets.xcassets */,
			);
			path = "Preview Content";
			sourceTree = "<group>";
		};
		D98FC32526E290B400912867 /* Relational DatabaseTests */ = {
			isa = PBXGroup;
			children = (
				D98FC32626E290B400912867 /* Relational_DatabaseTests.swift */,
				D98FC32826E290B400912867 /* Info.plist */,
			);
			path = "Relational DatabaseTests";
			sourceTree = "<group>";
		};
		D98FC33026E290B400912867 /* Relational DatabaseUITests */ = {
			isa = PBXGroup;
			children = (
				D98FC33126E290B400912867 /* Relational_DatabaseUITests.swift */,
				D98FC33326E290B400912867 /* Info.plist */,
			);
			path = "Relational DatabaseUITests";
			sourceTree = "<group>";
		};
/* End PBXGroup section */

/* Begin PBXNativeTarget section */
		D98FC31026E290B000912867 /* Relational Database */ = {
			isa = PBXNativeTarget;
			buildConfigurationList = D98FC33626E290B400912867 /* Build configuration list for PBXNativeTarget "Relational Database" */;
			buildPhases = (
				D98FC30D26E290B000912867 /* Sources */,
				D98FC30E26E290B000912867 /* Frameworks */,
				D98FC30F26E290B000912867 /* Resources */,
			);
			buildRules = (
			);
			dependencies = (
			);
			name = "Relational Database";
			productName = "Relational Database";
			productReference = D98FC31126E290B000912867 /* Relational Database.app */;
			productType = "com.apple.product-type.application";
		};
		D98FC32126E290B400912867 /* Relational DatabaseTests */ = {
			isa = PBXNativeTarget;
			buildConfigurationList = D98FC33926E290B400912867 /* Build configuration list for PBXNativeTarget "Relational DatabaseTests" */;
			buildPhases = (
				D98FC31E26E290B400912867 /* Sources */,
				D98FC31F26E290B400912867 /* Frameworks */,
				D98FC32026E290B400912867 /* Resources */,
			);
			buildRules = (
			);
			dependencies = (
				D98FC32426E290B400912867 /* PBXTargetDependency */,
			);
			name = "Relational DatabaseTests";
			productName = "Relational DatabaseTests";
			productReference = D98FC32226E290B400912867 /* Relational DatabaseTests.xctest */;
			productType = "com.apple.product-type.bundle.unit-test";
		};
		D98FC32C26E290B400912867 /* Relational DatabaseUITests */ = {
			isa = PBXNativeTarget;
			buildConfigurationList = D98FC33C26E290B400912867 /* Build configuration list for PBXNativeTarget "Relational DatabaseUITests" */;
			buildPhases = (
				D98FC32926E290B400912867 /* Sources */,
				D98FC32A26E290B400912867 /* Frameworks */,
				D98FC32B26E290B400912867 /* Resources */,
			);
			buildRules = (
			);
			dependencies = (
				D98FC32F26E290B400912867 /* PBXTargetDependency */,
			);
			name = "Relational DatabaseUITests";
			productName = "Relational DatabaseUITests";
			productReference = D98FC32D26E290B400912867 /* Relational DatabaseUITests.xctest */;
			productType = "com.apple.product-type.bundle.ui-testing";
		};
/* End PBXNativeTarget section */

/* Begin PBXProject section */
		D98FC30926E290B000912867 /* Project object */ = {
			isa = PBXProject;
			attributes = {
				LastSwiftUpdateCheck = 1250;
				LastUpgradeCheck = 1250;
				TargetAttributes = {
					D98FC31026E290B000912867 = {
						CreatedOnToolsVersion = 12.5.1;
					};
					D98FC32126E290B400912867 = {
						CreatedOnToolsVersion = 12.5.1;
						TestTargetID = D98FC31026E290B000912867;
					};
					D98FC32C26E290B400912867 = {
						CreatedOnToolsVersion = 12.5.1;
						TestTargetID = D98FC31026E290B000912867;
					};
				};
			};
			buildConfigurationList = D98FC30C26E290B000912867 /* Build configuration list for PBXProject "Relational Database" */;
			compatibilityVersion = "Xcode 9.3";
			developmentRegion = en;
			hasScannedForEncodings = 0;
			knownRegions = (
				en,
				Base,
			);
			mainGroup = D98FC30826E290B000912867;
			productRefGroup = D98FC31226E290B000912867 /* Products */;
			projectDirPath = "";
			projectRoot = "";
			targets = (
				D98FC31026E290B000912867 /* Relational Database */,
				D98FC32126E290B400912867 /* Relational DatabaseTests */,
				D98FC32C26E290B400912867 /* Relational DatabaseUITests */,
			);
		};
/* End PBXProject section */

/* Begin PBXResourcesBuildPhase section */
		D98FC30F26E290B000912867 /* Resources */ = {
			isa = PBXResourcesBuildPhase;
			buildActionMask = 2147483647;
			files = (
				D98FC31C26E290B400912867 /* Preview Assets.xcassets in Resources */,
				D98FC31926E290B400912867 /* Assets.xcassets in Resources */,
			);
			runOnlyForDeploymentPostprocessing = 0;
		};
		D98FC32026E290B400912867 /* Resources */ = {
			isa = PBXResourcesBuildPhase;
			buildActionMask = 2147483647;
			files = (
			);
			runOnlyForDeploymentPostprocessing = 0;
		};
		D98FC32B26E290B400912867 /* Resources */ = {
			isa = PBXResourcesBuildPhase;
			buildActionMask = 2147483647;
			files = (
			);
			runOnlyForDeploymentPostprocessing = 0;
		};
/* End PBXResourcesBuildPhase section */

/* Begin PBXSourcesBuildPhase section */
		D98FC30D26E290B000912867 /* Sources */ = {
			isa = PBXSourcesBuildPhase;
			buildActionMask = 2147483647;
			files = (
				D98FC31726E290B000912867 /* ContentView.swift in Sources */,
				D98FC31526E290B000912867 /* Relational_DatabaseApp.swift in Sources */,
			);
			runOnlyForDeploymentPostprocessing = 0;
		};
		D98FC31E26E290B400912867 /* Sources */ = {
			isa = PBXSourcesBuildPhase;
			buildActionMask = 2147483647;
			files = (
				D98FC32726E290B400912867 /* Relational_DatabaseTests.swift in Sources */,
			);
			runOnlyForDeploymentPostprocessing = 0;
		};
		D98FC32926E290B400912867 /* Sources */ = {
			isa = PBXSourcesBuildPhase;
			buildActionMask = 2147483647;
			files = (
				D98FC33226E290B400912867 /* Relational_DatabaseUITests.swift in Sources */,
			);
			runOnlyForDeploymentPostprocessing = 0;
		};
/* End PBXSourcesBuildPhase section */

/* Begin PBXTargetDependency section */
		D98FC32426E290B400912867 /* PBXTargetDependency */ = {
			isa = PBXTargetDependency;
			target = D98FC31026E290B000912867 /* Relational Database */;
			targetProxy = D98FC32326E290B400912867 /* PBXContainerItemProxy */;
		};
		D98FC32F26E290B400912867 /* PBXTargetDependency */ = {
			isa = PBXTargetDependency;
			target = D98FC31026E290B000912867 /* Relational Database */;
			targetProxy = D98FC32E26E290B400912867 /* PBXContainerItemProxy */;
		};
/* End PBXTargetDependency section */

/* Begin XCBuildConfiguration section */
		D98FC33426E290B400912867 /* Debug */ = {
			isa = XCBuildConfiguration;
			buildSettings = {
				ALWAYS_SEARCH_USER_PATHS = NO;
				CLANG_ANALYZER_NONNULL = YES;
				CLANG_ANALYZER_NUMBER_OBJECT_CONVERSION = YES_AGGRESSIVE;
				CLANG_CXX_LANGUAGE_STANDARD = "gnu++14";
				CLANG_CXX_LIBRARY = "libc++";
				CLANG_ENABLE_MODULES = YES;
				CLANG_ENABLE_OBJC_ARC = YES;
				CLANG_ENABLE_OBJC_WEAK = YES;
				CLANG_WARN_BLOCK_CAPTURE_AUTORELEASING = YES;
				CLANG_WARN_BOOL_CONVERSION = YES;
				CLANG_WARN_COMMA = YES;
				CLANG_WARN_CONSTANT_CONVERSION = YES;
				CLANG_WARN_DEPRECATED_OBJC_IMPLEMENTATIONS = YES;
				CLANG_WARN_DIRECT_OBJC_ISA_USAGE = YES_ERROR;
				CLANG_WARN_DOCUMENTATION_COMMENTS = YES;
				CLANG_WARN_EMPTY_BODY = YES;
				CLANG_WARN_ENUM_CONVERSION = YES;
				CLANG_WARN_INFINITE_RECURSION = YES;
				CLANG_WARN_INT_CONVERSION = YES;
				CLANG_WARN_NON_LITERAL_NULL_CONVERSION = YES;
				CLANG_WARN_OBJC_IMPLICIT_RETAIN_SELF = YES;
				CLANG_WARN_OBJC_LITERAL_CONVERSION = YES;
				CLANG_WARN_OBJC_ROOT_CLASS = YES_ERROR;
				CLANG_WARN_QUOTED_INCLUDE_IN_FRAMEWORK_HEADER = YES;
				CLANG_WARN_RANGE_LOOP_ANALYSIS = YES;
				CLANG_WARN_STRICT_PROTOTYPES = YES;
				CLANG_WARN_SUSPICIOUS_MOVE = YES;
				CLANG_WARN_UNGUARDED_AVAILABILITY = YES_AGGRESSIVE;
				CLANG_WARN_UNREACHABLE_CODE = YES;
				CLANG_WARN__DUPLICATE_METHOD_MATCH = YES;
				COPY_PHASE_STRIP = NO;
				DEBUG_INFORMATION_FORMAT = dwarf;
				ENABLE_STRICT_OBJC_MSGSEND = YES;
				ENABLE_TESTABILITY = YES;
				GCC_C_LANGUAGE_STANDARD = gnu11;
				GCC_DYNAMIC_NO_PIC = NO;
				GCC_NO_COMMON_BLOCKS = YES;
				GCC_OPTIMIZATION_LEVEL = 0;
				GCC_PREPROCESSOR_DEFINITIONS = (
					"DEBUG=1",
					"$(inherited)",
				);
				GCC_WARN_64_TO_32_BIT_CONVERSION = YES;
				GCC_WARN_ABOUT_RETURN_TYPE = YES_ERROR;
				GCC_WARN_UNDECLARED_SELECTOR = YES;
				GCC_WARN_UNINITIALIZED_AUTOS = YES_AGGRESSIVE;
				GCC_WARN_UNUSED_FUNCTION = YES;
				GCC_WARN_UNUSED_VARIABLE = YES;
				IPHONEOS_DEPLOYMENT_TARGET = 14.5;
				MTL_ENABLE_DEBUG_INFO = INCLUDE_SOURCE;
				MTL_FAST_MATH = YES;
				ONLY_ACTIVE_ARCH = YES;
				SDKROOT = iphoneos;
				SWIFT_ACTIVE_COMPILATION_CONDITIONS = DEBUG;
				SWIFT_OPTIMIZATION_LEVEL = "-Onone";
			};
			name = Debug;
		};
		D98FC33526E290B400912867 /* Release */ = {
			isa = XCBuildConfiguration;
			buildSettings = {
				ALWAYS_SEARCH_USER_PATHS = NO;
				CLANG_ANALYZER_NONNULL = YES;
				CLANG_ANALYZER_NUMBER_OBJECT_CONVERSION = YES_AGGRESSIVE;
				CLANG_CXX_LANGUAGE_STANDARD = "gnu++14";
				CLANG_CXX_LIBRARY = "libc++";
				CLANG_ENABLE_MODULES = YES;
				CLANG_ENABLE_OBJC_ARC = YES;
				CLANG_ENABLE_OBJC_WEAK = YES;
				CLANG_WARN_BLOCK_CAPTURE_AUTORELEASING = YES;
				CLANG_WARN_BOOL_CONVERSION = YES;
				CLANG_WARN_COMMA = YES;
				CLANG_WARN_CONSTANT_CONVERSION = YES;
				CLANG_WARN_DEPRECATED_OBJC_IMPLEMENTATIONS = YES;
				CLANG_WARN_DIRECT_OBJC_ISA_USAGE = YES_ERROR;
				CLANG_WARN_DOCUMENTATION_COMMENTS = YES;
				CLANG_WARN_EMPTY_BODY = YES;
				CLANG_WARN_ENUM_CONVERSION = YES;
				CLANG_WARN_INFINITE_RECURSION = YES;
				CLANG_WARN_INT_CONVERSION = YES;
				CLANG_WARN_NON_LITERAL_NULL_CONVERSION = YES;
				CLANG_WARN_OBJC_IMPLICIT_RETAIN_SELF = YES;
				CLANG_WARN_OBJC_LITERAL_CONVERSION = YES;
				CLANG_WARN_OBJC_ROOT_CLASS = YES_ERROR;
				CLANG_WARN_QUOTED_INCLUDE_IN_FRAMEWORK_HEADER = YES;
				CLANG_WARN_RANGE_LOOP_ANALYSIS = YES;
				CLANG_WARN_STRICT_PROTOTYPES = YES;
				CLANG_WARN_SUSPICIOUS_MOVE = YES;
				CLANG_WARN_UNGUARDED_AVAILABILITY = YES_AGGRESSIVE;
				CLANG_WARN_UNREACHABLE_CODE = YES;
				CLANG_WARN__DUPLICATE_METHOD_MATCH = YES;
				COPY_PHASE_STRIP = NO;
				DEBUG_INFORMATION_FORMAT = "dwarf-with-dsym";
				ENABLE_NS_ASSERTIONS = NO;
				ENABLE_STRICT_OBJC_MSGSEND = YES;
				GCC_C_LANGUAGE_STANDARD = gnu11;
				GCC_NO_COMMON_BLOCKS = YES;
				GCC_WARN_64_TO_32_BIT_CONVERSION = YES;
				GCC_WARN_ABOUT_RETURN_TYPE = YES_ERROR;
				GCC_WARN_UNDECLARED_SELECTOR = YES;
				GCC_WARN_UNINITIALIZED_AUTOS = YES_AGGRESSIVE;
				GCC_WARN_UNUSED_FUNCTION = YES;
				GCC_WARN_UNUSED_VARIABLE = YES;
				IPHONEOS_DEPLOYMENT_TARGET = 14.5;
				MTL_ENABLE_DEBUG_INFO = NO;
				MTL_FAST_MATH = YES;
				SDKROOT = iphoneos;
				SWIFT_COMPILATION_MODE = wholemodule;
				SWIFT_OPTIMIZATION_LEVEL = "-O";
				VALIDATE_PRODUCT = YES;
			};
			name = Release;
		};
		D98FC33726E290B400912867 /* Debug */ = {
			isa = XCBuildConfiguration;
			buildSettings = {
				ASSETCATALOG_COMPILER_APPICON_NAME = AppIcon;
				ASSETCATALOG_COMPILER_GLOBAL_ACCENT_COLOR_NAME = AccentColor;
				CODE_SIGN_STYLE = Automatic;
				DEVELOPMENT_ASSET_PATHS = "\"Relational Database/Preview Content\"";
				DEVELOPMENT_TEAM = 5C5CMQR2CZ;
				ENABLE_PREVIEWS = YES;
				INFOPLIST_FILE = "Relational Database/Info.plist";
				IPHONEOS_DEPLOYMENT_TARGET = 14.0;
				LD_RUNPATH_SEARCH_PATHS = (
					"$(inherited)",
					"@executable_path/Frameworks",
				);
				PRODUCT_BUNDLE_IDENTIFIER = "com.sasha.Relational-Database";
				PRODUCT_NAME = "$(TARGET_NAME)";
				SWIFT_VERSION = 5.0;
				TARGETED_DEVICE_FAMILY = "1,2";
			};
			name = Debug;
		};
		D98FC33826E290B400912867 /* Release */ = {
			isa = XCBuildConfiguration;
			buildSettings = {
				ASSETCATALOG_COMPILER_APPICON_NAME = AppIcon;
				ASSETCATALOG_COMPILER_GLOBAL_ACCENT_COLOR_NAME = AccentColor;
				CODE_SIGN_STYLE = Automatic;
				DEVELOPMENT_ASSET_PATHS = "\"Relational Database/Preview Content\"";
				DEVELOPMENT_TEAM = 5C5CMQR2CZ;
				ENABLE_PREVIEWS = YES;
				INFOPLIST_FILE = "Relational Database/Info.plist";
				IPHONEOS_DEPLOYMENT_TARGET = 14.0;
				LD_RUNPATH_SEARCH_PATHS = (
					"$(inherited)",
					"@executable_path/Frameworks",
				);
				PRODUCT_BUNDLE_IDENTIFIER = "com.sasha.Relational-Database";
				PRODUCT_NAME = "$(TARGET_NAME)";
				SWIFT_VERSION = 5.0;
				TARGETED_DEVICE_FAMILY = "1,2";
			};
			name = Release;
		};
		D98FC33A26E290B400912867 /* Debug */ = {
			isa = XCBuildConfiguration;
			buildSettings = {
				ALWAYS_EMBED_SWIFT_STANDARD_LIBRARIES = YES;
				BUNDLE_LOADER = "$(TEST_HOST)";
				CODE_SIGN_STYLE = Automatic;
				DEVELOPMENT_TEAM = 5C5CMQR2CZ;
				INFOPLIST_FILE = "Relational DatabaseTests/Info.plist";
				IPHONEOS_DEPLOYMENT_TARGET = 14.0;
				LD_RUNPATH_SEARCH_PATHS = (
					"$(inherited)",
					"@executable_path/Frameworks",
					"@loader_path/Frameworks",
				);
				PRODUCT_BUNDLE_IDENTIFIER = "com.sasha.Relational-DatabaseTests";
				PRODUCT_NAME = "$(TARGET_NAME)";
				SWIFT_VERSION = 5.0;
				TARGETED_DEVICE_FAMILY = "1,2";
				TEST_HOST = "$(BUILT_PRODUCTS_DIR)/Relational Database.app/Relational Database";
			};
			name = Debug;
		};
		D98FC33B26E290B400912867 /* Release */ = {
			isa = XCBuildConfiguration;
			buildSettings = {
				ALWAYS_EMBED_SWIFT_STANDARD_LIBRARIES = YES;
				BUNDLE_LOADER = "$(TEST_HOST)";
				CODE_SIGN_STYLE = Automatic;
				DEVELOPMENT_TEAM = 5C5CMQR2CZ;
				INFOPLIST_FILE = "Relational DatabaseTests/Info.plist";
				IPHONEOS_DEPLOYMENT_TARGET = 14.0;
				LD_RUNPATH_SEARCH_PATHS = (
					"$(inherited)",
					"@executable_path/Frameworks",
					"@loader_path/Frameworks",
				);
				PRODUCT_BUNDLE_IDENTIFIER = "com.sasha.Relational-DatabaseTests";
				PRODUCT_NAME = "$(TARGET_NAME)";
				SWIFT_VERSION = 5.0;
				TARGETED_DEVICE_FAMILY = "1,2";
				TEST_HOST = "$(BUILT_PRODUCTS_DIR)/Relational Database.app/Relational Database";
			};
			name = Release;
		};
		D98FC33D26E290B400912867 /* Debug */ = {
			isa = XCBuildConfiguration;
			buildSettings = {
				ALWAYS_EMBED_SWIFT_STANDARD_LIBRARIES = YES;
				CODE_SIGN_STYLE = Automatic;
				DEVELOPMENT_TEAM = 5C5CMQR2CZ;
				INFOPLIST_FILE = "Relational DatabaseUITests/Info.plist";
				LD_RUNPATH_SEARCH_PATHS = (
					"$(inherited)",
					"@executable_path/Frameworks",
					"@loader_path/Frameworks",
				);
				PRODUCT_BUNDLE_IDENTIFIER = "com.sasha.Relational-DatabaseUITests";
				PRODUCT_NAME = "$(TARGET_NAME)";
				SWIFT_VERSION = 5.0;
				TARGETED_DEVICE_FAMILY = "1,2";
				TEST_TARGET_NAME = "Relational Database";
			};
			name = Debug;
		};
		D98FC33E26E290B400912867 /* Release */ = {
			isa = XCBuildConfiguration;
			buildSettings = {
				ALWAYS_EMBED_SWIFT_STANDARD_LIBRARIES = YES;
				CODE_SIGN_STYLE = Automatic;
				DEVELOPMENT_TEAM = 5C5CMQR2CZ;
				INFOPLIST_FILE = "Relational DatabaseUITests/Info.plist";
				LD_RUNPATH_SEARCH_PATHS = (
					"$(inherited)",
					"@executable_path/Frameworks",
					"@loader_path/Frameworks",
				);
				PRODUCT_BUNDLE_IDENTIFIER = "com.sasha.Relational-DatabaseUITests";
				PRODUCT_NAME = "$(TARGET_NAME)";
				SWIFT_VERSION = 5.0;
				TARGETED_DEVICE_FAMILY = "1,2";
				TEST_TARGET_NAME = "Relational Database";
			};
			name = Release;
		};
/* End XCBuildConfiguration section */

/* Begin XCConfigurationList section */
		D98FC30C26E290B000912867 /* Build configuration list for PBXProject "Relational Database" */ = {
			isa = XCConfigurationList;
			buildConfigurations = (
				D98FC33426E290B400912867 /* Debug */,
				D98FC33526E290B400912867 /* Release */,
			);
			defaultConfigurationIsVisible = 0;
			defaultConfigurationName = Release;
		};
		D98FC33626E290B400912867 /* Build configuration list for PBXNativeTarget "Relational Database" */ = {
			isa = XCConfigurationList;
			buildConfigurations = (
				D98FC33726E290B400912867 /* Debug */,
				D98FC33826E290B400912867 /* Release */,
			);
			defaultConfigurationIsVisible = 0;
			defaultConfigurationName = Release;
		};
		D98FC33926E290B400912867 /* Build configuration list for PBXNativeTarget "Relational DatabaseTests" */ = {
			isa = XCConfigurationList;
			buildConfigurations = (
				D98FC33A26E290B400912867 /* Debug */,
				D98FC33B26E290B400912867 /* Release */,
			);
			defaultConfigurationIsVisible = 0;
			defaultConfigurationName = Release;
		};
		D98FC33C26E290B400912867 /* Build configuration list for PBXNativeTarget "Relational DatabaseUITests" */ = {
			isa = XCConfigurationList;
			buildConfigurations = (
				D98FC33D26E290B400912867 /* Debug */,
				D98FC33E26E290B400912867 /* Release */,
			);
			defaultConfigurationIsVisible = 0;
			defaultConfigurationName = Release;
		};
/* End XCConfigurationList section */
	};
	rootObject = D98FC30926E290B000912867 /* Project object */;
}
